[[package]]
name = "aniso8601"
version = "9.0.1"
summary = "A library for parsing ISO 8601 strings."

[[package]]
name = "asgiref"
version = "3.5.2"
requires_python = ">=3.7"
summary = "ASGI specs, helper code, and adapters"

[[package]]
name = "django"
version = "4.1.3"
requires_python = ">=3.8"
summary = "A high-level Python web framework that encourages rapid development and clean, pragmatic design."
dependencies = [
    "asgiref<4,>=3.5.2",
    "sqlparse>=0.2.2",
    "tzdata; sys_platform == \"win32\"",
]

[[package]]
name = "graphene"
version = "3.1.1"
summary = "GraphQL Framework for Python"
dependencies = [
    "aniso8601<10,>=8",
    "graphql-core<3.3,>=3.1",
    "graphql-relay<3.3,>=3.1",
]

[[package]]
name = "graphene-django"
version = "3.0.0"
summary = "Graphene Django integration"
dependencies = [
    "Django>=3.2",
    "graphene<4,>=3.0",
    "graphql-core<4,>=3.1.0",
    "graphql-relay<4,>=3.1.1",
    "promise>=2.1",
    "text-unidecode",
]

[[package]]
name = "graphql-core"
version = "3.2.3"
requires_python = ">=3.6,<4"
summary = "GraphQL implementation for Python, a port of GraphQL.js, the JavaScript reference implementation for GraphQL."

[[package]]
name = "graphql-relay"
version = "3.2.0"
requires_python = ">=3.6,<4"
summary = "Relay library for graphql-core"
dependencies = [
    "graphql-core<3.3,>=3.2",
]

[[package]]
name = "promise"
version = "2.3"
summary = "Promises/A+ implementation for Python"
dependencies = [
    "six",
]

[[package]]
name = "six"
version = "1.16.0"
requires_python = ">=2.7, !=3.0.*, !=3.1.*, !=3.2.*"
summary = "Python 2 and 3 compatibility utilities"

[[package]]
name = "sqlparse"
version = "0.4.3"
requires_python = ">=3.5"
summary = "A non-validating SQL parser."

[[package]]
name = "text-unidecode"
version = "1.3"
summary = "The most basic Text::Unidecode port"

[[package]]
name = "tzdata"
version = "2022.6"
requires_python = ">=2"
summary = "Provider of IANA time zone data"

[[package]]
name = "websockets"
version = "10.4"
requires_python = ">=3.7"
summary = "An implementation of the WebSocket Protocol (RFC 6455 & 7692)"

[metadata]
lock_version = "4.0"
content_hash = "sha256:7296a21e0d26c255e443741c005a1d9208b6fe375e3d8ea57868e813e8f55b01"

[metadata.files]
"aniso8601 9.0.1" = [
    {url = "https://files.pythonhosted.org/packages/cb/72/be3db445b03944bfbb2b02b82d00cb2a2bcf96275c4543f14bf60fa79e12/aniso8601-9.0.1.tar.gz", hash = "sha256:72e3117667eedf66951bb2d93f4296a56b94b078a8a95905a052611fb3f1b973"},
    {url = "https://files.pythonhosted.org/packages/e3/04/e97c12dc034791d7b504860acfcdd2963fa21ae61eaca1c9d31245f812c3/aniso8601-9.0.1-py2.py3-none-any.whl", hash = "sha256:1d2b7ef82963909e93c4f24ce48d4de9e66009a21bf1c1e1c85bdd0812fe412f"},
]
"asgiref 3.5.2" = [
    {url = "https://files.pythonhosted.org/packages/1f/35/e7d59b92ceffb1dc62c65156278de378670b46ab2364a3ea7216fe194ba3/asgiref-3.5.2.tar.gz", hash = "sha256:4a29362a6acebe09bf1d6640db38c1dc3d9217c68e6f9f6204d72667fc19a424"},
    {url = "https://files.pythonhosted.org/packages/af/6d/ea3a5c3027c3f14b0321cd4f7e594c776ebe64e4b927432ca6917512a4f7/asgiref-3.5.2-py3-none-any.whl", hash = "sha256:1d2880b792ae8757289136f1db2b7b99100ce959b2aa57fd69dab783d05afac4"},
]
"django 4.1.3" = [
    {url = "https://files.pythonhosted.org/packages/4f/be/cd28514516e66c40b87e487be68cf61a1637bd3ec60a2db90bb5075a2df5/Django-4.1.3-py3-none-any.whl", hash = "sha256:6b1de6886cae14c7c44d188f580f8ba8da05750f544c80ae5ad43375ab293cd5"},
    {url = "https://files.pythonhosted.org/packages/d0/ab/33f9c2bd4cf7ff2d319131eca7231247f962f781ebc8a012ebe02582244a/Django-4.1.3.tar.gz", hash = "sha256:678bbfc8604eb246ed54e2063f0765f13b321a50526bdc8cb1f943eda7fa31f1"},
]
"graphene 3.1.1" = [
    {url = "https://files.pythonhosted.org/packages/7c/60/1916ea1fb3173aa77ad6c2ba28a44e827b00451d1bcde58bb298c0b8f758/graphene-3.1.1.tar.gz", hash = "sha256:ff251dbc39a6409106c41de444358d93b2c5588d161dce2245bea7d74b445c86"},
    {url = "https://files.pythonhosted.org/packages/be/8a/2a2b883b69af0e9a7622c8ab7f903a4f5467af76d78a675bd895064f37bb/graphene-3.1.1-py2.py3-none-any.whl", hash = "sha256:1c0d43560a86536b7816bb05e3685beebf140118e091a9c445cd10f55acb20fd"},
]
"graphene-django 3.0.0" = [
    {url = "https://files.pythonhosted.org/packages/5f/e8/10837a3f971c96b331368c89356c7f8b87d206f520403750f2409542a690/graphene_django-3.0.0-py2.py3-none-any.whl", hash = "sha256:9fa531d319d5c8f9e08274628f547574ee684e74dddd1c969abf38142bc32df2"},
    {url = "https://files.pythonhosted.org/packages/61/05/f737bee1cda957601a6a5bc9c9068dcc32b7ca3f004c77801210b8c3d87a/graphene-django-3.0.0.tar.gz", hash = "sha256:018a8dc4736d99b5bb4a15d7fd0b46c98010e9201cb52a290f6d1f16ae6fefda"},
]
"graphql-core 3.2.3" = [
    {url = "https://files.pythonhosted.org/packages/ee/a6/94df9045ca1bac404c7b394094cd06713f63f49c7a4d54d99b773ae81737/graphql-core-3.2.3.tar.gz", hash = "sha256:06d2aad0ac723e35b1cb47885d3e5c45e956a53bc1b209a9fc5369007fe46676"},
    {url = "https://files.pythonhosted.org/packages/f8/39/e5143e7ec70939d2076c1165ae9d4a3815597019c4d797b7f959cf778600/graphql_core-3.2.3-py3-none-any.whl", hash = "sha256:5766780452bd5ec8ba133f8bf287dc92713e3868ddd83aee4faab9fc3e303dc3"},
]
"graphql-relay 3.2.0" = [
    {url = "https://files.pythonhosted.org/packages/74/16/a4cf06adbc711bd364a73ce043b0b08d8fa5aae3df11b6ee4248bcdad2e0/graphql_relay-3.2.0-py3-none-any.whl", hash = "sha256:c9b22bd28b170ba1fe674c74384a8ff30a76c8e26f88ac3aa1584dd3179953e5"},
    {url = "https://files.pythonhosted.org/packages/d1/13/98fbf8d67552f102488ffc16c6f559ce71ea15f6294728d33928ab5ff14d/graphql-relay-3.2.0.tar.gz", hash = "sha256:1ff1c51298356e481a0be009ccdff249832ce53f30559c1338f22a0e0d17250c"},
]
"promise 2.3" = [
    {url = "https://files.pythonhosted.org/packages/cf/9c/fb5d48abfe5d791cd496e4242ebcf87a4bb2e0c3dcd6e0ae68c11426a528/promise-2.3.tar.gz", hash = "sha256:dfd18337c523ba4b6a58801c164c1904a9d4d1b1747c7d5dbf45b693a49d93d0"},
]
"six 1.16.0" = [
    {url = "https://files.pythonhosted.org/packages/71/39/171f1c67cd00715f190ba0b100d606d440a28c93c7714febeca8b79af85e/six-1.16.0.tar.gz", hash = "sha256:1e61c37477a1626458e36f7b1d82aa5c9b094fa4802892072e49de9c60c4c926"},
    {url = "https://files.pythonhosted.org/packages/d9/5a/e7c31adbe875f2abbb91bd84cf2dc52d792b5a01506781dbcf25c91daf11/six-1.16.0-py2.py3-none-any.whl", hash = "sha256:8abb2f1d86890a2dfb989f9a77cfcfd3e47c2a354b01111771326f8aa26e0254"},
]
"sqlparse 0.4.3" = [
    {url = "https://files.pythonhosted.org/packages/97/d3/31dd2c3e48fc2060819f4acb0686248250a0f2326356306b38a42e059144/sqlparse-0.4.3-py3-none-any.whl", hash = "sha256:0323c0ec29cd52bceabc1b4d9d579e311f3e4961b98d174201d5622a23b85e34"},
    {url = "https://files.pythonhosted.org/packages/ba/fa/5b7662b04b69f3a34b8867877e4dbf2a37b7f2a5c0bbb5a9eed64efd1ad1/sqlparse-0.4.3.tar.gz", hash = "sha256:69ca804846bb114d2ec380e4360a8a340db83f0ccf3afceeb1404df028f57268"},
]
"text-unidecode 1.3" = [
    {url = "https://files.pythonhosted.org/packages/a6/a5/c0b6468d3824fe3fde30dbb5e1f687b291608f9473681bbf7dabbf5a87d7/text_unidecode-1.3-py2.py3-none-any.whl", hash = "sha256:1311f10e8b895935241623731c2ba64f4c455287888b18189350b67134a822e8"},
    {url = "https://files.pythonhosted.org/packages/ab/e2/e9a00f0ccb71718418230718b3d900e71a5d16e701a3dae079a21e9cd8f8/text-unidecode-1.3.tar.gz", hash = "sha256:bad6603bb14d279193107714b288be206cac565dfa49aa5b105294dd5c4aab93"},
]
"tzdata 2022.6" = [
    {url = "https://files.pythonhosted.org/packages/5e/9f/63f7187ffd6d01dd5b5255b8c0b1c4f05ecfe79d940e0a243a6198071832/tzdata-2022.6.tar.gz", hash = "sha256:91f11db4503385928c15598c98573e3af07e7229181bee5375bd30f1695ddcae"},
    {url = "https://files.pythonhosted.org/packages/61/1e/3c4bf37f8d6ceba07ae357e70eedd21bd15a032b460bab6b12a58c0fce9d/tzdata-2022.6-py2.py3-none-any.whl", hash = "sha256:04a680bdc5b15750c39c12a448885a51134a27ec9af83667663f0b3a1bf3f342"},
]
"websockets 10.4" = [
    {url = "https://files.pythonhosted.org/packages/00/15/611ddaca66937f77aa5021e97c9bec61e6a30668b75db3707713b69b3b88/websockets-10.4-pp37-pypy37_pp73-macosx_10_9_x86_64.whl", hash = "sha256:82ff5e1cae4e855147fd57a2863376ed7454134c2bf49ec604dfe71e446e2193"},
    {url = "https://files.pythonhosted.org/packages/03/e2/7784912651a299a5e060656e6368946ae4c1da63f01236f7d650e8070cf8/websockets-10.4-pp38-pypy38_pp73-win_amd64.whl", hash = "sha256:b343f521b047493dc4022dd338fc6db9d9282658862756b4f6fd0e996c1380e1"},
    {url = "https://files.pythonhosted.org/packages/09/35/2b8ed52dc995507476ebbb7a91a0c5ed80fd80fa0a840f422ac25c722dbf/websockets-10.4-cp37-cp37m-musllinux_1_1_aarch64.whl", hash = "sha256:e23173580d740bf8822fd0379e4bf30aa1d5a92a4f252d34e893070c081050df"},
    {url = "https://files.pythonhosted.org/packages/0c/56/b2d373ed19b4e7b6c5c7630d598ba10473fa6131e67e69590214ab18bc09/websockets-10.4-cp310-cp310-musllinux_1_1_aarch64.whl", hash = "sha256:e0cb5cc6ece6ffa75baccfd5c02cffe776f3f5c8bf486811f9d3ea3453676ce8"},
    {url = "https://files.pythonhosted.org/packages/0c/f0/195097822f8edc4ffa355f6463a1890928577517382c0baededc760f9397/websockets-10.4-cp311-cp311-musllinux_1_1_i686.whl", hash = "sha256:fe10ddc59b304cb19a1bdf5bd0a7719cbbc9fbdd57ac80ed436b709fcf889106"},
    {url = "https://files.pythonhosted.org/packages/14/88/81c08fb3418c5aedf3776333f29443599729509a4f673d6598dd769d3d6b/websockets-10.4-cp310-cp310-macosx_10_9_universal2.whl", hash = "sha256:d58804e996d7d2307173d56c297cf7bc132c52df27a3efaac5e8d43e36c21c48"},
    {url = "https://files.pythonhosted.org/packages/17/e4/3bdc2ea97d7da70d9f184051dcd40f27c849ded517ea9bab70df677a6b23/websockets-10.4-cp38-cp38-macosx_10_9_universal2.whl", hash = "sha256:5c1289596042fad2cdceb05e1ebf7aadf9995c928e0da2b7a4e99494953b1b94"},
    {url = "https://files.pythonhosted.org/packages/19/a3/02ce75ffca3ef147cc0f44647c67acb3171b5a09910b5b9f083b5ca395a6/websockets-10.4-cp311-cp311-musllinux_1_1_x86_64.whl", hash = "sha256:90fcf8929836d4a0e964d799a58823547df5a5e9afa83081761630553be731f9"},
    {url = "https://files.pythonhosted.org/packages/1c/4b/cab8fed34c3a29d4594ff77234f6e6b45feb35331f1c12fccf92ca5486dd/websockets-10.4-cp310-cp310-manylinux_2_5_i686.manylinux1_i686.manylinux_2_17_i686.manylinux2014_i686.whl", hash = "sha256:62e627f6b6d4aed919a2052efc408da7a545c606268d5ab5bfab4432734b82b4"},
    {url = "https://files.pythonhosted.org/packages/1d/06/5ecd0434cf35f92ca9ce80e38a3ac9bf5422ace9488693c3900e2f1c7fa0/websockets-10.4-cp37-cp37m-win32.whl", hash = "sha256:8a5cc00546e0a701da4639aa0bbcb0ae2bb678c87f46da01ac2d789e1f2d2038"},
    {url = "https://files.pythonhosted.org/packages/1e/76/163a18626001465a309bf74b6aeb301d7092e304637fe00f89d7efc75c44/websockets-10.4-cp310-cp310-win_amd64.whl", hash = "sha256:8dc96f64ae43dde92530775e9cb169979f414dcf5cff670455d81a6823b42089"},
    {url = "https://files.pythonhosted.org/packages/20/7a/bd0ce7ac1cfafc76c84d6e8051bcbd0f7def8e45207230833bd6ff77a41d/websockets-10.4-cp310-cp310-macosx_11_0_arm64.whl", hash = "sha256:ba089c499e1f4155d2a3c2a05d2878a3428cf321c848f2b5a45ce55f0d7d310c"},
    {url = "https://files.pythonhosted.org/packages/25/a7/4e32f8edfc26339d8d170fe539e0b83a329c42d974dacfe07a0566390aef/websockets-10.4-cp310-cp310-manylinux_2_17_aarch64.manylinux2014_aarch64.whl", hash = "sha256:33d69ca7612f0ddff3316b0c7b33ca180d464ecac2d115805c044bf0a3b0d032"},
    {url = "https://files.pythonhosted.org/packages/27/bb/6327e8c7d4dd7d5b450b409a461be278968ce05c54da13da581ac87661db/websockets-10.4-cp311-cp311-win_amd64.whl", hash = "sha256:a7a240d7a74bf8d5cb3bfe6be7f21697a28ec4b1a437607bae08ac7acf5b4882"},
    {url = "https://files.pythonhosted.org/packages/29/33/dd88aefeabc9dddb4f48c9e15c6c2554dfb6b4cf8d8f1b4de4d12ba997de/websockets-10.4-cp38-cp38-macosx_10_9_x86_64.whl", hash = "sha256:0cff816f51fb33c26d6e2b16b5c7d48eaa31dae5488ace6aae468b361f422b63"},
    {url = "https://files.pythonhosted.org/packages/2b/cb/d394efe7b0ee6cdeffac28a1cb054e42f9f95974885ca3bcd6fceb0acde1/websockets-10.4-pp38-pypy38_pp73-manylinux_2_5_x86_64.manylinux1_x86_64.manylinux_2_17_x86_64.manylinux2014_x86_64.whl", hash = "sha256:ff64a1d38d156d429404aaa84b27305e957fd10c30e5880d1765c9480bea490f"},
    {url = "https://files.pythonhosted.org/packages/2e/dd/521f0574bed6d08ce5e0acd5893ae418c0a81ef55eb4c960aedac9cbd929/websockets-10.4-pp39-pypy39_pp73-manylinux_2_5_x86_64.manylinux1_x86_64.manylinux_2_17_x86_64.manylinux2014_x86_64.whl", hash = "sha256:b627c266f295de9dea86bd1112ed3d5fafb69a348af30a2422e16590a8ecba13"},
    {url = "https://files.pythonhosted.org/packages/33/3a/72c9d733d676447da2c89a35c694f779a9a360cff51ee0f90bb562d80cd4/websockets-10.4-cp38-cp38-musllinux_1_1_aarch64.whl", hash = "sha256:7d27a7e34c313b3a7f91adcd05134315002aaf8540d7b4f90336beafaea6217c"},
    {url = "https://files.pythonhosted.org/packages/36/8f/6dd75723ea67d54dec3a597ad781642c0febe8d51f233b95347981c0e549/websockets-10.4-cp39-cp39-musllinux_1_1_aarch64.whl", hash = "sha256:9bc42e8402dc5e9905fb8b9649f57efcb2056693b7e88faa8fb029256ba9c68c"},
    {url = "https://files.pythonhosted.org/packages/37/02/ef21ca4698c2fd950250e5ac397fd07b0c9f16bbd073d0ea64c25baef9c1/websockets-10.4-cp310-cp310-musllinux_1_1_x86_64.whl", hash = "sha256:7c584f366f46ba667cfa66020344886cf47088e79c9b9d39c84ce9ea98aaa331"},
    {url = "https://files.pythonhosted.org/packages/3e/a5/e4535867a96bb07000c54172e1be82cd0b3a95339244cac1d400f8ba9b64/websockets-10.4-cp38-cp38-manylinux_2_5_x86_64.manylinux1_x86_64.manylinux_2_17_x86_64.manylinux2014_x86_64.whl", hash = "sha256:185929b4808b36a79c65b7865783b87b6841e852ef5407a2fb0c03381092fa3b"},
    {url = "https://files.pythonhosted.org/packages/47/4d/f2e28f112302d3bc794b74ae64656255161d8223f4d47bd17d40cbb3629e/websockets-10.4-cp39-cp39-macosx_10_9_x86_64.whl", hash = "sha256:56029457f219ade1f2fc12a6504ea61e14ee227a815531f9738e41203a429112"},
    {url = "https://files.pythonhosted.org/packages/47/58/69435f1479acb56b3678905b5f2be57908a201c28465d4368d91f52cad76/websockets-10.4-cp38-cp38-macosx_11_0_arm64.whl", hash = "sha256:dd9becd5fe29773d140d68d607d66a38f60e31b86df75332703757ee645b6faf"},
    {url = "https://files.pythonhosted.org/packages/4a/39/3b6b64f775f1f4f5de6eb909d72f3f794f453730b5b3176fa5021ff334ba/websockets-10.4-pp37-pypy37_pp73-manylinux_2_5_x86_64.manylinux1_x86_64.manylinux_2_17_x86_64.manylinux2014_x86_64.whl", hash = "sha256:c9b27d6c1c6cd53dc93614967e9ce00ae7f864a2d9f99fe5ed86706e1ecbf485"},
    {url = "https://files.pythonhosted.org/packages/4d/6f/2388f9304cdaa0215b6388f837c6dbfe6d63ac1bba8c196e3b14eea1831e/websockets-10.4-cp310-cp310-manylinux_2_5_x86_64.manylinux1_x86_64.manylinux_2_17_x86_64.manylinux2014_x86_64.whl", hash = "sha256:38ea7b82bfcae927eeffc55d2ffa31665dc7fec7b8dc654506b8e5a518eb4d50"},
    {url = "https://files.pythonhosted.org/packages/4e/8b/854b3625cc5130e4af8a10a7502c2f6c16d1bd107ff009394127a2f8abb3/websockets-10.4-cp39-cp39-macosx_10_9_universal2.whl", hash = "sha256:40e826de3085721dabc7cf9bfd41682dadc02286d8cf149b3ad05bff89311e4f"},
    {url = "https://files.pythonhosted.org/packages/57/d7/df17197565e8874f0a77f8211304169ad4f39ffa3e8c008a7b0bf187a238/websockets-10.4-cp39-cp39-macosx_11_0_arm64.whl", hash = "sha256:f5fc088b7a32f244c519a048c170f14cf2251b849ef0e20cbbb0fdf0fdaf556f"},
    {url = "https://files.pythonhosted.org/packages/5a/87/dea889793d2d0958be254fc86dac528d97de9354d16fcdbcbad259750014/websockets-10.4-cp37-cp37m-manylinux_2_5_x86_64.manylinux1_x86_64.manylinux_2_17_x86_64.manylinux2014_x86_64.whl", hash = "sha256:00213676a2e46b6ebf6045bc11d0f529d9120baa6f58d122b4021ad92adabd41"},
    {url = "https://files.pythonhosted.org/packages/5d/3c/fc1725524e48f624df77f5998b1c7070fdddec3ae67a2ffbc99ffd116269/websockets-10.4-cp311-cp311-manylinux_2_17_aarch64.manylinux2014_aarch64.whl", hash = "sha256:f55b5905705725af31ccef50e55391621532cd64fbf0bc6f4bac935f0fccec46"},
    {url = "https://files.pythonhosted.org/packages/60/3a/6dccbe2725d13c398b90cbebeea684cda7792e6d874f96417db900556ad0/websockets-10.4-cp311-cp311-macosx_10_9_universal2.whl", hash = "sha256:47a2964021f2110116cc1125b3e6d87ab5ad16dea161949e7244ec583b905bb4"},
    {url = "https://files.pythonhosted.org/packages/62/76/c2411e634979cc6e812ef2a96aa295545cfcbc9566b298db09f3f4639d62/websockets-10.4-cp39-cp39-musllinux_1_1_i686.whl", hash = "sha256:edc344de4dac1d89300a053ac973299e82d3db56330f3494905643bb68801269"},
    {url = "https://files.pythonhosted.org/packages/63/f2/ec4c59b4f91936eb2a5ddcf2f7e57184acbce5122d5d83911c5a47f25144/websockets-10.4-cp38-cp38-win_amd64.whl", hash = "sha256:48c08473563323f9c9debac781ecf66f94ad5a3680a38fe84dee5388cf5acaf6"},
    {url = "https://files.pythonhosted.org/packages/68/bd/c8bd8354fc629863a2db39c9182d40297f47dfb2ed3e178bc83041ce044b/websockets-10.4-cp310-cp310-macosx_10_9_x86_64.whl", hash = "sha256:bc0b82d728fe21a0d03e65f81980abbbcb13b5387f733a1a870672c5be26edab"},
    {url = "https://files.pythonhosted.org/packages/68/ec/3267f8bbe8a4a5e181ab3fc67cc137f0966ab9e9a4da14ffc603f320b9e6/websockets-10.4-cp311-cp311-manylinux_2_5_i686.manylinux1_i686.manylinux_2_17_i686.manylinux2014_i686.whl", hash = "sha256:00c870522cdb69cd625b93f002961ffb0c095394f06ba8c48f17eef7c1541f96"},
    {url = "https://files.pythonhosted.org/packages/71/93/5a4f408177e43d84274e1c08cbea3e50ad80db654dc25a0bba79dbdc00b4/websockets-10.4-cp38-cp38-manylinux_2_5_i686.manylinux1_i686.manylinux_2_17_i686.manylinux2014_i686.whl", hash = "sha256:4f72e5cd0f18f262f5da20efa9e241699e0cf3a766317a17392550c9ad7b37d8"},
    {url = "https://files.pythonhosted.org/packages/75/18/155c3582fd69b60d9c490fb0e64e37269c55d5873cbcb37f83e2d3feb078/websockets-10.4-pp38-pypy38_pp73-manylinux_2_17_aarch64.manylinux2014_aarch64.whl", hash = "sha256:389f8dbb5c489e305fb113ca1b6bdcdaa130923f77485db5b189de343a179393"},
    {url = "https://files.pythonhosted.org/packages/77/65/d7c73e62cf19f068850ddab548837329dab9c023567f5834747f61cdc747/websockets-10.4-cp38-cp38-manylinux_2_17_aarch64.manylinux2014_aarch64.whl", hash = "sha256:45ec8e75b7dbc9539cbfafa570742fe4f676eb8b0d3694b67dabe2f2ceed8aa6"},
    {url = "https://files.pythonhosted.org/packages/85/dc/549a807a53c13fd4a8dac286f117a7a71260defea9ec0c05d6027f2ae273/websockets-10.4.tar.gz", hash = "sha256:eef610b23933c54d5d921c92578ae5f89813438fded840c2e9809d378dc765d3"},
    {url = "https://files.pythonhosted.org/packages/86/8e/390e0e3db702c55d31ca3999c622bb3b8b480c306c1bdee6a2da44b13b1b/websockets-10.4-cp39-cp39-musllinux_1_1_x86_64.whl", hash = "sha256:84bc2a7d075f32f6ed98652db3a680a17a4edb21ca7f80fe42e38753a58ee02b"},
    {url = "https://files.pythonhosted.org/packages/88/00/9776e2626a30e3455a830665e50cf40f5d34a4134272b3138a637afa38a7/websockets-10.4-cp39-cp39-win_amd64.whl", hash = "sha256:bbccd847aa0c3a69b5f691a84d2341a4f8a629c6922558f2a70611305f902d74"},
    {url = "https://files.pythonhosted.org/packages/88/97/d70e2d528b9ffe759134e5db6b1424b61cd61fd1c4471b178c76e01f41af/websockets-10.4-cp37-cp37m-macosx_10_9_x86_64.whl", hash = "sha256:74de2b894b47f1d21cbd0b37a5e2b2392ad95d17ae983e64727e18eb281fe7cb"},
    {url = "https://files.pythonhosted.org/packages/8a/1e/8f34d7ee924dc7a624c1e14f43209484cb5eccb58e892285d45551729a95/websockets-10.4-cp39-cp39-win32.whl", hash = "sha256:c94ae4faf2d09f7c81847c63843f84fe47bf6253c9d60b20f25edfd30fb12588"},
    {url = "https://files.pythonhosted.org/packages/90/e1/22e43e9a1fbc9ddf4a0317b231e2e28eddfbe8804b7ca4a9f7fba7033b17/websockets-10.4-pp37-pypy37_pp73-manylinux_2_5_i686.manylinux1_i686.manylinux_2_17_i686.manylinux2014_i686.whl", hash = "sha256:942de28af58f352a6f588bc72490ae0f4ccd6dfc2bd3de5945b882a078e4e179"},
    {url = "https://files.pythonhosted.org/packages/93/7b/72134e4c75002e311c072f0665fe45f7321d614c5c65181888faddd616e9/websockets-10.4-cp39-cp39-manylinux_2_17_aarch64.manylinux2014_aarch64.whl", hash = "sha256:2fc8709c00704194213d45e455adc106ff9e87658297f72d544220e32029cd3d"},
    {url = "https://files.pythonhosted.org/packages/a0/92/aa8d1ba3a7e3e6cf6d5d1c929530a40138667ea60454bf5c0fff3b93cae2/websockets-10.4-pp39-pypy39_pp73-manylinux_2_5_i686.manylinux1_i686.manylinux_2_17_i686.manylinux2014_i686.whl", hash = "sha256:c57e4c1349fbe0e446c9fa7b19ed2f8a4417233b6984277cce392819123142d3"},
    {url = "https://files.pythonhosted.org/packages/a1/6f/60e5f6e114b6077683d74da5df0d4af647a9e6d2a18b4698f577b2cb7c14/websockets-10.4-cp310-cp310-win32.whl", hash = "sha256:b029fb2032ae4724d8ae8d4f6b363f2cc39e4c7b12454df8df7f0f563ed3e61a"},
    {url = "https://files.pythonhosted.org/packages/a1/f6/83da14582fbb0496c47a4c039bd6e802886a0c300e9795c0f839fd1498e3/websockets-10.4-cp310-cp310-musllinux_1_1_i686.whl", hash = "sha256:ae5e95cfb53ab1da62185e23b3130e11d64431179debac6dc3c6acf08760e9b1"},
    {url = "https://files.pythonhosted.org/packages/ab/41/ed2fecb228c1f25cea03fce4a22a86f7771a10875d5762e777e943bb7d68/websockets-10.4-cp37-cp37m-win_amd64.whl", hash = "sha256:a9f9a735deaf9a0cadc2d8c50d1a5bcdbae8b6e539c6e08237bc4082d7c13f28"},
    {url = "https://files.pythonhosted.org/packages/b0/fc/a818cddc63589e12d5eff9b51a59aad82e2adf35279493248a3742c41f85/websockets-10.4-cp311-cp311-win32.whl", hash = "sha256:b9968694c5f467bf67ef97ae7ad4d56d14be2751000c1207d31bf3bb8860bae8"},
    {url = "https://files.pythonhosted.org/packages/b1/8f/dbffb63e7da0ada24e9ef8802c439169e0ed9a7ef8f6049874e6cbfc7919/websockets-10.4-cp37-cp37m-manylinux_2_5_i686.manylinux1_i686.manylinux_2_17_i686.manylinux2014_i686.whl", hash = "sha256:b0d15c968ea7a65211e084f523151dbf8ae44634de03c801b8bd070b74e85033"},
    {url = "https://files.pythonhosted.org/packages/b4/91/c460f5164af303b31f58362935f7b8ed1750e3b8fbcb900da4b0661532a8/websockets-10.4-cp38-cp38-musllinux_1_1_x86_64.whl", hash = "sha256:931c039af54fc195fe6ad536fde4b0de04da9d5916e78e55405436348cfb0e56"},
    {url = "https://files.pythonhosted.org/packages/bb/5c/7dc1f604688f43168ef17313055e048c755a29afde821f7e0b19bd3a180f/websockets-10.4-pp39-pypy39_pp73-manylinux_2_17_aarch64.manylinux2014_aarch64.whl", hash = "sha256:d6a4162139374a49eb18ef5b2f4da1dd95c994588f5033d64e0bbfda4b6b6fcf"},
    {url = "https://files.pythonhosted.org/packages/c5/01/145d2883dfeffedf541a7c95bb26f8d8b5ddca84a7c8f671ec3b878ae7cd/websockets-10.4-pp38-pypy38_pp73-manylinux_2_5_i686.manylinux1_i686.manylinux_2_17_i686.manylinux2014_i686.whl", hash = "sha256:09a1814bb15eff7069e51fed0826df0bc0702652b5cb8f87697d469d79c23576"},
    {url = "https://files.pythonhosted.org/packages/c6/41/07f39745017af5381aeb6c1d8c6509aa1861193c948648d4aaf4d0637915/websockets-10.4-pp37-pypy37_pp73-win_amd64.whl", hash = "sha256:3d3cac3e32b2c8414f4f87c1b2ab686fa6284a980ba283617404377cd448f631"},
    {url = "https://files.pythonhosted.org/packages/cc/19/2f003f9f81c0fab2eabb81d8fc2fce5fb5b5714f1b4abfe897cb209e031d/websockets-10.4-cp311-cp311-macosx_11_0_arm64.whl", hash = "sha256:7d3f0b61c45c3fa9a349cf484962c559a8a1d80dae6977276df8fd1fa5e3cb8c"},
    {url = "https://files.pythonhosted.org/packages/d1/60/0a6cb94e25b981e428c1cdcc2b0a406ac6e1dfc78d8a81c8a4ee7510e853/websockets-10.4-cp311-cp311-macosx_10_9_x86_64.whl", hash = "sha256:e789376b52c295c4946403bd0efecf27ab98f05319df4583d3c48e43c7342c2f"},
    {url = "https://files.pythonhosted.org/packages/d1/c6/9489869aa591e6a8941b0af2302f8383e199e90477559a510713d41bfa45/websockets-10.4-cp311-cp311-musllinux_1_1_aarch64.whl", hash = "sha256:f2c38d588887a609191d30e902df2a32711f708abfd85d318ca9b367258cfd0c"},
    {url = "https://files.pythonhosted.org/packages/d4/1a/2e4afd95abd33bd6ad77042270f8eee3697e07cdd749c068bff08bba2022/websockets-10.4-pp37-pypy37_pp73-manylinux_2_17_aarch64.manylinux2014_aarch64.whl", hash = "sha256:d210abe51b5da0ffdbf7b43eed0cfdff8a55a1ab17abbec4301c9ff077dd0342"},
    {url = "https://files.pythonhosted.org/packages/d5/5d/d0b039f0db0bb1fea93437721cf3cd8a244ad02a86960c38a3853d5e1fab/websockets-10.4-cp311-cp311-manylinux_2_5_x86_64.manylinux1_x86_64.manylinux_2_17_x86_64.manylinux2014_x86_64.whl", hash = "sha256:8f38706e0b15d3c20ef6259fd4bc1700cd133b06c3c1bb108ffe3f8947be15fa"},
    {url = "https://files.pythonhosted.org/packages/d6/7c/79ea4e7f56dfe7f703213000bbbd29b70cef2666698d98b66ce1af43caee/websockets-10.4-cp39-cp39-manylinux_2_5_i686.manylinux1_i686.manylinux_2_17_i686.manylinux2014_i686.whl", hash = "sha256:0154f7691e4fe6c2b2bc275b5701e8b158dae92a1ab229e2b940efe11905dff4"},
    {url = "https://files.pythonhosted.org/packages/d7/f9/f64ec37da654351b212e5534b0e31703ed80d2a6acb6b8c1b1373fafa876/websockets-10.4-cp39-cp39-manylinux_2_5_x86_64.manylinux1_x86_64.manylinux_2_17_x86_64.manylinux2014_x86_64.whl", hash = "sha256:4c6d2264f485f0b53adf22697ac11e261ce84805c232ed5dbe6b1bcb84b00ff0"},
    {url = "https://files.pythonhosted.org/packages/da/0b/a501ed176c69b51ca83f4186bad80bba9b59ab354fd8954d7d36cb2ec47f/websockets-10.4-cp37-cp37m-manylinux_2_17_aarch64.manylinux2014_aarch64.whl", hash = "sha256:e3a686ecb4aa0d64ae60c9c9f1a7d5d46cab9bfb5d91a2d303d00e2cd4c4c5cc"},
    {url = "https://files.pythonhosted.org/packages/e0/8d/7bffabd3f10a88cd68080669b33f407471283becf7e5cb4f0143b117211d/websockets-10.4-pp39-pypy39_pp73-macosx_10_9_x86_64.whl", hash = "sha256:932af322458da7e4e35df32f050389e13d3d96b09d274b22a7aa1808f292fee4"},
    {url = "https://files.pythonhosted.org/packages/e6/94/cb97e5a9d019e473a37317a740852850ef09e14c02621dd86a898ec90f7a/websockets-10.4-cp38-cp38-musllinux_1_1_i686.whl", hash = "sha256:884be66c76a444c59f801ac13f40c76f176f1bfa815ef5b8ed44321e74f1600b"},
    {url = "https://files.pythonhosted.org/packages/e9/48/a0751eafbeab06866fc70a66f7dfa08422cb96113af9138e526e7b106f14/websockets-10.4-cp37-cp37m-musllinux_1_1_i686.whl", hash = "sha256:dd500e0a5e11969cdd3320935ca2ff1e936f2358f9c2e61f100a1660933320ea"},
    {url = "https://files.pythonhosted.org/packages/ec/ba/74b4b92cc41ffc4cfa791fb9f8e8ab7c4d9bf84e54a5bef12ab23eb54880/websockets-10.4-pp38-pypy38_pp73-macosx_10_9_x86_64.whl", hash = "sha256:da39dd03d130162deb63da51f6e66ed73032ae62e74aaccc4236e30edccddbb0"},
    {url = "https://files.pythonhosted.org/packages/f8/f0/437187175182beed10246f53ef9793a5f6e087ce71ee25b64fdb12e396e0/websockets-10.4-cp37-cp37m-musllinux_1_1_x86_64.whl", hash = "sha256:4239b6027e3d66a89446908ff3027d2737afc1a375f8fd3eea630a4842ec9a0c"},
    {url = "https://files.pythonhosted.org/packages/f9/15/ab0e9155700d3037ffe4a146a719f3e68ee025c9d45d6a39b027e928db52/websockets-10.4-cp38-cp38-win32.whl", hash = "sha256:db3c336f9eda2532ec0fd8ea49fef7a8df8f6c804cdf4f39e5c5c0d4a4ad9a7a"},
    {url = "https://files.pythonhosted.org/packages/fd/42/07f31d9f9e142b38cde8d3ea0c8ea1bacf9bc366f2f573eca57086e9f2a6/websockets-10.4-pp39-pypy39_pp73-win_amd64.whl", hash = "sha256:05a7233089f8bd355e8cbe127c2e8ca0b4ea55467861906b80d2ebc7db4d6b72"},
]
